{
  "name": "qlist-photo-processing-lab",
  "lockfileVersion": 3,
  "requires": true,
  "packages": {
    "": {
      "name": "qlist-photo-processing-lab",
      "dependencies": {
        "@imagemagick/magick-wasm": "0.0.44"
      }
    },
    "node_modules/@imagemagick/magick-wasm": {
      "version": "0.0.44",
      "resolved": "https://registry.npmjs.org/@imagemagick/magick-wasm/-/magick-wasm-0.0.44.tgz",
      "integrity": "sha512-J6oieSjlJzamANwtrNAlO+DKnRm49ILtSIWDhtkGn35f/5zS99AXta2gPsZuG9m2JvQbsu3h3CHe14ViXrFD/Q==",
      "license": "Apache-2.0"
    }
  }
}
